{
  "name": "004-npm",
  "version": "1.0.0",
  "lockfileVersion": 2,
  "requires": true,
  "packages": {
    "": {
      "name": "004-npm",
      "version": "1.0.0",
      "license": "ISC",
      "dependencies": {
        "testemodulonpm": "^0.0.1"
      }
    },
    "node_modules/testemodulonpm": {
      "version": "0.0.1",
      "resolved": "https://registry.npmjs.org/testemodulonpm/-/testemodulonpm-0.0.1.tgz",
      "integrity": "sha512-Y7RqI0bVj94APVvKSf2OBiRTbyIOdrgukvmy67F3O7iSo5xIQoFvSZ2ezj2eCb8JkenB14+QG/pyDTfmBZEEgw=="
    }
  },
  "dependencies": {
    "testemodulonpm": {
      "version": "0.0.1",
      "resolved": "https://registry.npmjs.org/testemodulonpm/-/testemodulonpm-0.0.1.tgz",
      "integrity": "sha512-Y7RqI0bVj94APVvKSf2OBiRTbyIOdrgukvmy67F3O7iSo5xIQoFvSZ2ezj2eCb8JkenB14+QG/pyDTfmBZEEgw=="
    }
  }
}
